
Microsoft Visual Studio Solution File, Format Version 12.00
# Visual Studio Version 16
VisualStudioVersion = 16.0.32413.511
MinimumVisualStudioVersion = 10.0.40219.1
Project("{FAE04EC0-301F-11D3-BF4B-00C04F79EFBC}") = "Working_With_NTP_Server", "Working_With_NTP_Server.csproj", "{C1A06C3D-FEF0-41EC-9466-6E2976F09A47}"
EndProject
Global
	GlobalSection(SolutionConfigurationPlatforms) = preSolution
		Debug|Any CPU = Debug|Any CPU
		Release|Any CPU = Release|Any CPU
	EndGlobalSection
	GlobalSection(ProjectConfigurationPlatforms) = postSolution
		{C1A06C3D-FEF0-41EC-9466-6E2976F09A47}.Debug|Any CPU.ActiveCfg = Debug|Any CPU
		{C1A06C3D-FEF0-41EC-9466-6E2976F09A47}.Debug|Any CPU.Build.0 = Debug|Any CPU
		{C1A06C3D-FEF0-41EC-9466-6E2976F09A47}.Release|Any CPU.ActiveCfg = Release|Any CPU
		{C1A06C3D-FEF0-41EC-9466-6E2976F09A47}.Release|Any CPU.Build.0 = Release|Any CPU
	EndGlobalSection
	GlobalSection(SolutionProperties) = preSolution
		HideSolutionNode = FALSE
	EndGlobalSection
	GlobalSection(ExtensibilityGlobals) = postSolution
		SolutionGuid = {B0F0CB5F-9401-44BD-8031-67733F64A3EF}
	EndGlobalSection
EndGlobal
